// !$*UTF8*$!
{
	archiveVersion = 1;
	classes = {
	};
	objectVersion = 77;
	objects = {

/* Begin PBXBuildFile section */
		F4BA52C12F1C265D0073AFBD /* SwiftYFinance in Frameworks */ = {isa = PBXBuildFile; productRef = F4AEC91A2EBEC27D00CC4321 /* SwiftYFinance */; };
		F4DBF5692F2EA6DC0046117F /* Auth in Frameworks */ = {isa = PBXBuildFile; productRef = F4DBF5682F2EA6DC0046117F /* Auth */; };
		F4DBF56B2F2EA6DC0046117F /* Functions in Frameworks */ = {isa = PBXBuildFile; productRef = F4DBF56A2F2EA6DC0046117F /* Functions */; };
		F4DBF56D2F2EA6DC0046117F /* PostgREST in Frameworks */ = {isa = PBXBuildFile; productRef = F4DBF56C2F2EA6DC0046117F /* PostgREST */; };
		F4DBF56F2F2EA6DC0046117F /* Realtime in Frameworks */ = {isa = PBXBuildFile; productRef = F4DBF56E2F2EA6DC0046117F /* Realtime */; };
		F4DBF5712F2EA6DC0046117F /* Storage in Frameworks */ = {isa = PBXBuildFile; productRef = F4DBF5702F2EA6DC0046117F /* Storage */; };
		F4DBF5732F2EA6DC0046117F /* Supabase in Frameworks */ = {isa = PBXBuildFile; productRef = F4DBF5722F2EA6DC0046117F /* Supabase */; };
/* End PBXBuildFile section */

/* Begin PBXContainerItemProxy section */
		F4AEC8F92EBEC27D00CC4321 /* PBXContainerItemProxy */ = {
			isa = PBXContainerItemProxy;
			containerPortal = F4AEC8E32EBEC27B00CC4321 /* Project object */;
			proxyType = 1;
			remoteGlobalIDString = F4AEC8EA2EBEC27B00CC4321;
			remoteInfo = Hoidma;
		};
		F4AEC9032EBEC27D00CC4321 /* PBXContainerItemProxy */ = {
			isa = PBXContainerItemProxy;
			containerPortal = F4AEC8E32EBEC27B00CC4321 /* Project object */;
			proxyType = 1;
			remoteGlobalIDString = F4AEC8EA2EBEC27B00CC4321;
			remoteInfo = Hoidma;
		};
/* End PBXContainerItemProxy section */

/* Begin PBXFileReference section */
		F4AEC8EB2EBEC27B00CC4321 /* Hoidma.app */ = {isa = PBXFileReference; explicitFileType = wrapper.application; includeInIndex = 0; path = Hoidma.app; sourceTree = BUILT_PRODUCTS_DIR; };
		F4AEC8F82EBEC27D00CC4321 /* HoidmaTests.xctest */ = {isa = PBXFileReference; explicitFileType = wrapper.cfbundle; includeInIndex = 0; path = HoidmaTests.xctest; sourceTree = BUILT_PRODUCTS_DIR; };
		F4AEC9022EBEC27D00CC4321 /* HoidmaUITests.xctest */ = {isa = PBXFileReference; explicitFileType = wrapper.cfbundle; includeInIndex = 0; path = HoidmaUITests.xctest; sourceTree = BUILT_PRODUCTS_DIR; };
/* End PBXFileReference section */

/* Begin PBXFileSystemSynchronizedRootGroup section */
		F4AEC8ED2EBEC27B00CC4321 /* Hoidma */ = {
			isa = PBXFileSystemSynchronizedRootGroup;
			path = Hoidma;
			sourceTree = "<group>";
		};
		F4AEC9052EBEC27D00CC4321 /* HoidmaUITests */ = {
			isa = PBXFileSystemSynchronizedRootGroup;
			path = HoidmaUITests;
			sourceTree = "<group>";
		};
/* End PBXFileSystemSynchronizedRootGroup section */

/* Begin PBXFrameworksBuildPhase section */
		F4AEC8E82EBEC27B00CC4321 /* Frameworks */ = {
			isa = PBXFrameworksBuildPhase;
			buildActionMask = 2147483647;
			files = (
				F4DBF5712F2EA6DC0046117F /* Storage in Frameworks */,
				F4DBF56D2F2EA6DC0046117F /* PostgREST in Frameworks */,
				F4DBF56B2F2EA6DC0046117F /* Functions in Frameworks */,
				F4DBF5692F2EA6DC0046117F /* Auth in Frameworks */,
				F4DBF56F2F2EA6DC0046117F /* Realtime in Frameworks */,
				F4DBF5732F2EA6DC0046117F /* Supabase in Frameworks */,
				F4BA52C12F1C265D0073AFBD /* SwiftYFinance in Frameworks */,
			);
			runOnlyForDeploymentPostprocessing = 0;
		};
		F4AEC8F52EBEC27D00CC4321 /* Frameworks */ = {
			isa = PBXFrameworksBuildPhase;
			buildActionMask = 2147483647;
			files = (
			);
			runOnlyForDeploymentPostprocessing = 0;
		};
		F4AEC8FF2EBEC27D00CC4321 /* Frameworks */ = {
			isa = PBXFrameworksBuildPhase;
			buildActionMask = 2147483647;
			files = (
			);
			runOnlyForDeploymentPostprocessing = 0;
		};
/* End PBXFrameworksBuildPhase section */

/* Begin PBXGroup section */
		F49408632F1C2FDD00080587 /* Frameworks */ = {
			isa = PBXGroup;
			children = (
			);
			name = Frameworks;
			sourceTree = "<group>";
		};
		F4AEC8E22EBEC27B00CC4321 = {
			isa = PBXGroup;
			children = (
				F4AEC8ED2EBEC27B00CC4321 /* Hoidma */,
				F4AEC9052EBEC27D00CC4321 /* HoidmaUITests */,
				F49408632F1C2FDD00080587 /* Frameworks */,
				F4AEC8EC2EBEC27B00CC4321 /* Products */,
			);
			sourceTree = "<group>";
		};
		F4AEC8EC2EBEC27B00CC4321 /* Products */ = {
			isa = PBXGroup;
			children = (
				F4AEC8EB2EBEC27B00CC4321 /* Hoidma.app */,
				F4AEC8F82EBEC27D00CC4321 /* HoidmaTests.xctest */,
				F4AEC9022EBEC27D00CC4321 /* HoidmaUITests.xctest */,
			);
			name = Products;
			sourceTree = "<group>";
		};
/* End PBXGroup section */

/* Begin PBXNativeTarget section */
		F4AEC8EA2EBEC27B00CC4321 /* Hoidma */ = {
			isa = PBXNativeTarget;
			buildConfigurationList = F4AEC90C2EBEC27D00CC4321 /* Build configuration list for PBXNativeTarget "Hoidma" */;
			buildPhases = (
				F4AEC8E72EBEC27B00CC4321 /* Sources */,
				F4AEC8E82EBEC27B00CC4321 /* Frameworks */,
				F4AEC8E92EBEC27B00CC4321 /* Resources */,
			);
			buildRules = (
			);
			dependencies = (
			);
			fileSystemSynchronizedGroups = (
				F4AEC8ED2EBEC27B00CC4321 /* Hoidma */,
			);
			name = Hoidma;
			packageProductDependencies = (
				F4AEC91A2EBEC27D00CC4321 /* SwiftYFinance */,
				F4DBF5682F2EA6DC0046117F /* Auth */,
				F4DBF56A2F2EA6DC0046117F /* Functions */,
				F4DBF56C2F2EA6DC0046117F /* PostgREST */,
				F4DBF56E2F2EA6DC0046117F /* Realtime */,
				F4DBF5702F2EA6DC0046117F /* Storage */,
				F4DBF5722F2EA6DC0046117F /* Supabase */,
			);
			productName = Hoidma;
			productReference = F4AEC8EB2EBEC27B00CC4321 /* Hoidma.app */;
			productType = "com.apple.product-type.application";
		};
		F4AEC8F72EBEC27D00CC4321 /* HoidmaTests */ = {
			isa = PBXNativeTarget;
			buildConfigurationList = F4AEC90F2EBEC27D00CC4321 /* Build configuration list for PBXNativeTarget "HoidmaTests" */;
			buildPhases = (
				F4AEC8F42EBEC27D00CC4321 /* Sources */,
				F4AEC8F52EBEC27D00CC4321 /* Frameworks */,
				F4AEC8F62EBEC27D00CC4321 /* Resources */,
			);
			buildRules = (
			);
			dependencies = (
				F4AEC8FA2EBEC27D00CC4321 /* PBXTargetDependency */,
			);
			name = HoidmaTests;
			packageProductDependencies = (
			);
			productName = HoidmaTests;
			productReference = F4AEC8F82EBEC27D00CC4321 /* HoidmaTests.xctest */;
			productType = "com.apple.product-type.bundle.unit-test";
		};
		F4AEC9012EBEC27D00CC4321 /* HoidmaUITests */ = {
			isa = PBXNativeTarget;
			buildConfigurationList = F4AEC9122EBEC27D00CC4321 /* Build configuration list for PBXNativeTarget "HoidmaUITests" */;
			buildPhases = (
				F4AEC8FE2EBEC27D00CC4321 /* Sources */,
				F4AEC8FF2EBEC27D00CC4321 /* Frameworks */,
				F4AEC9002EBEC27D00CC4321 /* Resources */,
			);
			buildRules = (
			);
			dependencies = (
				F4AEC9042EBEC27D00CC4321 /* PBXTargetDependency */,
			);
			fileSystemSynchronizedGroups = (
				F4AEC9052EBEC27D00CC4321 /* HoidmaUITests */,
			);
			name = HoidmaUITests;
			packageProductDependencies = (
			);
			productName = HoidmaUITests;
			productReference = F4AEC9022EBEC27D00CC4321 /* HoidmaUITests.xctest */;
			productType = "com.apple.product-type.bundle.ui-testing";
		};
/* End PBXNativeTarget section */

/* Begin PBXProject section */
		F4AEC8E32EBEC27B00CC4321 /* Project object */ = {
			isa = PBXProject;
			attributes = {
				BuildIndependentTargetsInParallel = 1;
				LastSwiftUpdateCheck = 2600;
				LastUpgradeCheck = 2620;
				TargetAttributes = {
					F4AEC8EA2EBEC27B00CC4321 = {
						CreatedOnToolsVersion = 26.0.1;
					};
					F4AEC8F72EBEC27D00CC4321 = {
						CreatedOnToolsVersion = 26.0.1;
						TestTargetID = F4AEC8EA2EBEC27B00CC4321;
					};
					F4AEC9012EBEC27D00CC4321 = {
						CreatedOnToolsVersion = 26.0.1;
						TestTargetID = F4AEC8EA2EBEC27B00CC4321;
					};
				};
			};
			buildConfigurationList = F4AEC8E62EBEC27B00CC4321 /* Build configuration list for PBXProject "Hoidma" */;
			developmentRegion = en;
			hasScannedForEncodings = 0;
			knownRegions = (
				en,
				Base,
			);
			mainGroup = F4AEC8E22EBEC27B00CC4321;
			minimizedProjectReferenceProxies = 1;
			packageReferences = (
				F4AEC9192EBEC27D00CC4321 /* XCRemoteSwiftPackageReference "SwiftYFinance" */,
				F4DBF5672F2EA6DC0046117F /* XCRemoteSwiftPackageReference "supabase-swift" */,
			);
			preferredProjectObjectVersion = 77;
			productRefGroup = F4AEC8EC2EBEC27B00CC4321 /* Products */;
			projectDirPath = "";
			projectRoot = "";
			targets = (
				F4AEC8EA2EBEC27B00CC4321 /* Hoidma */,
				F4AEC8F72EBEC27D00CC4321 /* HoidmaTests */,
				F4AEC9012EBEC27D00CC4321 /* HoidmaUITests */,
			);
		};
/* End PBXProject section */

/* Begin PBXResourcesBuildPhase section */
		F4AEC8E92EBEC27B00CC4321 /* Resources */ = {
			isa = PBXResourcesBuildPhase;
			buildActionMask = 2147483647;
			files = (
			);
			runOnlyForDeploymentPostprocessing = 0;
		};
		F4AEC8F62EBEC27D00CC4321 /* Resources */ = {
			isa = PBXResourcesBuildPhase;
			buildActionMask = 2147483647;
			files = (
			);
			runOnlyForDeploymentPostprocessing = 0;
		};
		F4AEC9002EBEC27D00CC4321 /* Resources */ = {
			isa = PBXResourcesBuildPhase;
			buildActionMask = 2147483647;
			files = (
			);
			runOnlyForDeploymentPostprocessing = 0;
		};
/* End PBXResourcesBuildPhase section */

/* Begin PBXSourcesBuildPhase section */
		F4AEC8E72EBEC27B00CC4321 /* Sources */ = {
			isa = PBXSourcesBuildPhase;
			buildActionMask = 2147483647;
			files = (
			);
			runOnlyForDeploymentPostprocessing = 0;
		};
		F4AEC8F42EBEC27D00CC4321 /* Sources */ = {
			isa = PBXSourcesBuildPhase;
			buildActionMask = 2147483647;
			files = (
			);
			runOnlyForDeploymentPostprocessing = 0;
		};
		F4AEC8FE2EBEC27D00CC4321 /* Sources */ = {
			isa = PBXSourcesBuildPhase;
			buildActionMask = 2147483647;
			files = (
			);
			runOnlyForDeploymentPostprocessing = 0;
		};
/* End PBXSourcesBuildPhase section */

/* Begin PBXTargetDependency section */
		F4AEC8FA2EBEC27D00CC4321 /* PBXTargetDependency */ = {
			isa = PBXTargetDependency;
			target = F4AEC8EA2EBEC27B00CC4321 /* Hoidma */;
			targetProxy = F4AEC8F92EBEC27D00CC4321 /* PBXContainerItemProxy */;
		};
		F4AEC9042EBEC27D00CC4321 /* PBXTargetDependency */ = {
			isa = PBXTargetDependency;
			target = F4AEC8EA2EBEC27B00CC4321 /* Hoidma */;
			targetProxy = F4AEC9032EBEC27D00CC4321 /* PBXContainerItemProxy */;
		};
/* End PBXTargetDependency section */

/* Begin XCBuildConfiguration section */
		F4AEC90A2EBEC27D00CC4321 /* Debug */ = {
			isa = XCBuildConfiguration;
			baseConfigurationReferenceAnchor = F4AEC8ED2EBEC27B00CC4321 /* Hoidma */;
			baseConfigurationReferenceRelativePath = Configuration/Debug.xcconfig;
			buildSettings = {
				ALWAYS_SEARCH_USER_PATHS = NO;
				ASSETCATALOG_COMPILER_GENERATE_SWIFT_ASSET_SYMBOL_EXTENSIONS = YES;
				CLANG_ANALYZER_NONNULL = YES;
				CLANG_ANALYZER_NUMBER_OBJECT_CONVERSION = YES_AGGRESSIVE;
				CLANG_CXX_LANGUAGE_STANDARD = "gnu++20";
				CLANG_ENABLE_MODULES = YES;
				CLANG_ENABLE_OBJC_ARC = YES;
				CLANG_ENABLE_OBJC_WEAK = YES;
				CLANG_WARN_BLOCK_CAPTURE_AUTORELEASING = YES;
				CLANG_WARN_BOOL_CONVERSION = YES;
				CLANG_WARN_COMMA = YES;
				CLANG_WARN_CONSTANT_CONVERSION = YES;
				CLANG_WARN_DEPRECATED_OBJC_IMPLEMENTATIONS = YES;
				CLANG_WARN_DIRECT_OBJC_ISA_USAGE = YES_ERROR;
				CLANG_WARN_DOCUMENTATION_COMMENTS = YES;
				CLANG_WARN_EMPTY_BODY = YES;
				CLANG_WARN_ENUM_CONVERSION = YES;
				CLANG_WARN_INFINITE_RECURSION = YES;
				CLANG_WARN_INT_CONVERSION = YES;
				CLANG_WARN_NON_LITERAL_NULL_CONVERSION = YES;
				CLANG_WARN_OBJC_IMPLICIT_RETAIN_SELF = YES;
				CLANG_WARN_OBJC_LITERAL_CONVERSION = YES;
				CLANG_WARN_OBJC_ROOT_CLASS = YES_ERROR;
				CLANG_WARN_QUOTED_INCLUDE_IN_FRAMEWORK_HEADER = YES;
				CLANG_WARN_RANGE_LOOP_ANALYSIS = YES;
				CLANG_WARN_STRICT_PROTOTYPES = YES;
				CLANG_WARN_SUSPICIOUS_MOVE = YES;
				CLANG_WARN_UNGUARDED_AVAILABILITY = YES_AGGRESSIVE;
				CLANG_WARN_UNREACHABLE_CODE = YES;
				CLANG_WARN__DUPLICATE_METHOD_MATCH = YES;
				COPY_PHASE_STRIP = NO;
				DEBUG_INFORMATION_FORMAT = dwarf;
				DEVELOPMENT_TEAM = 2DBY9B53R4;
				ENABLE_STRICT_OBJC_MSGSEND = YES;
				ENABLE_TESTABILITY = YES;
				ENABLE_USER_SCRIPT_SANDBOXING = YES;
				GCC_C_LANGUAGE_STANDARD = gnu17;
				GCC_DYNAMIC_NO_PIC = NO;
				GCC_NO_COMMON_BLOCKS = YES;
				GCC_OPTIMIZATION_LEVEL = 0;
				GCC_PREPROCESSOR_DEFINITIONS = (
					"DEBUG=1",
					"$(inherited)",
				);
				GCC_WARN_64_TO_32_BIT_CONVERSION = YES;
				GCC_WARN_ABOUT_RETURN_TYPE = YES_ERROR;
				GCC_WARN_UNDECLARED_SELECTOR = YES;
				GCC_WARN_UNINITIALIZED_AUTOS = YES_AGGRESSIVE;
				GCC_WARN_UNUSED_FUNCTION = YES;
				GCC_WARN_UNUSED_VARIABLE = YES;
				IPHONEOS_DEPLOYMENT_TARGET = 17.0;
				LOCALIZATION_PREFERS_STRING_CATALOGS = YES;
				MTL_ENABLE_DEBUG_INFO = INCLUDE_SOURCE;
				MTL_FAST_MATH = YES;
				ONLY_ACTIVE_ARCH = YES;
				SDKROOT = iphoneos;
				STRING_CATALOG_GENERATE_SYMBOLS = YES;
				SWIFT_ACTIVE_COMPILATION_CONDITIONS = "DEBUG $(inherited)";
				SWIFT_OPTIMIZATION_LEVEL = "-Onone";
			};
			name = Debug;
		};
		F4AEC90B2EBEC27D00CC4321 /* Release */ = {
			isa = XCBuildConfiguration;
			baseConfigurationReferenceAnchor = F4AEC8ED2EBEC27B00CC4321 /* Hoidma */;
			baseConfigurationReferenceRelativePath = Configuration/Release.xcconfig;
			buildSettings = {
				ALWAYS_SEARCH_USER_PATHS = NO;
				ASSETCATALOG_COMPILER_GENERATE_SWIFT_ASSET_SYMBOL_EXTENSIONS = YES;
				CLANG_ANALYZER_NONNULL = YES;
				CLANG_ANALYZER_NUMBER_OBJECT_CONVERSION = YES_AGGRESSIVE;
				CLANG_CXX_LANGUAGE_STANDARD = "gnu++20";
				CLANG_ENABLE_MODULES = YES;
				CLANG_ENABLE_OBJC_ARC = YES;
				CLANG_ENABLE_OBJC_WEAK = YES;
				CLANG_WARN_BLOCK_CAPTURE_AUTORELEASING = YES;
				CLANG_WARN_BOOL_CONVERSION = YES;
				CLANG_WARN_COMMA = YES;
				CLANG_WARN_CONSTANT_CONVERSION = YES;
				CLANG_WARN_DEPRECATED_OBJC_IMPLEMENTATIONS = YES;
				CLANG_WARN_DIRECT_OBJC_ISA_USAGE = YES_ERROR;
				CLANG_WARN_DOCUMENTATION_COMMENTS = YES;
				CLANG_WARN_EMPTY_BODY = YES;
				CLANG_WARN_ENUM_CONVERSION = YES;
				CLANG_WARN_INFINITE_RECURSION = YES;
				CLANG_WARN_INT_CONVERSION = YES;
				CLANG_WARN_NON_LITERAL_NULL_CONVERSION = YES;
				CLANG_WARN_OBJC_IMPLICIT_RETAIN_SELF = YES;
				CLANG_WARN_OBJC_LITERAL_CONVERSION = YES;
				CLANG_WARN_OBJC_ROOT_CLASS = YES_ERROR;
				CLANG_WARN_QUOTED_INCLUDE_IN_FRAMEWORK_HEADER = YES;
				CLANG_WARN_RANGE_LOOP_ANALYSIS = YES;
				CLANG_WARN_STRICT_PROTOTYPES = YES;
				CLANG_WARN_SUSPICIOUS_MOVE = YES;
				CLANG_WARN_UNGUARDED_AVAILABILITY = YES_AGGRESSIVE;
				CLANG_WARN_UNREACHABLE_CODE = YES;
				CLANG_WARN__DUPLICATE_METHOD_MATCH = YES;
				COPY_PHASE_STRIP = NO;
				DEBUG_INFORMATION_FORMAT = "dwarf-with-dsym";
				DEVELOPMENT_TEAM = 2DBY9B53R4;
				ENABLE_NS_ASSERTIONS = NO;
				ENABLE_STRICT_OBJC_MSGSEND = YES;
				ENABLE_USER_SCRIPT_SANDBOXING = YES;
				GCC_C_LANGUAGE_STANDARD = gnu17;
				GCC_NO_COMMON_BLOCKS = YES;
				GCC_WARN_64_TO_32_BIT_CONVERSION = YES;
				GCC_WARN_ABOUT_RETURN_TYPE = YES_ERROR;
				GCC_WARN_UNDECLARED_SELECTOR = YES;
				GCC_WARN_UNINITIALIZED_AUTOS = YES_AGGRESSIVE;
				GCC_WARN_UNUSED_FUNCTION = YES;
				GCC_WARN_UNUSED_VARIABLE = YES;
				IPHONEOS_DEPLOYMENT_TARGET = 17.0;
				LOCALIZATION_PREFERS_STRING_CATALOGS = YES;
				MTL_ENABLE_DEBUG_INFO = NO;
				MTL_FAST_MATH = YES;
				SDKROOT = iphoneos;
				STRING_CATALOG_GENERATE_SYMBOLS = YES;
				SWIFT_COMPILATION_MODE = wholemodule;
				VALIDATE_PRODUCT = YES;
			};
			name = Release;
		};
		F4AEC90D2EBEC27D00CC4321 /* Debug */ = {
			isa = XCBuildConfiguration;
			buildSettings = {
				ASSETCATALOG_COMPILER_APPICON_NAME = AppIcon;
				ASSETCATALOG_COMPILER_GLOBAL_ACCENT_COLOR_NAME = AccentColor;
				ASSETCATALOG_COMPILER_INCLUDE_ALL_APPICON_ASSETS = YES;
				CODE_SIGN_STYLE = Automatic;
				CURRENT_PROJECT_VERSION = 1;
				ENABLE_PREVIEWS = YES;
				GENERATE_INFOPLIST_FILE = YES;
				INFOPLIST_KEY_CFBundleDisplayName = Hoidma;
				INFOPLIST_KEY_LSApplicationCategoryType = "public.app-category.finance";
				INFOPLIST_KEY_NSFaceIDUsageDescription = "Hoidma uses Face ID to securely unlock your portfolio and protect your financial data.";
				INFOPLIST_KEY_UIApplicationSceneManifest_Generation = YES;
				INFOPLIST_KEY_UIApplicationSupportsIndirectInputEvents = YES;
				INFOPLIST_KEY_UILaunchScreen_Generation = YES;
				INFOPLIST_KEY_UISupportedInterfaceOrientations_iPad = "UIInterfaceOrientationPortrait UIInterfaceOrientationPortraitUpsideDown UIInterfaceOrientationLandscapeLeft UIInterfaceOrientationLandscapeRight";
				INFOPLIST_KEY_UISupportedInterfaceOrientations_iPhone = "UIInterfaceOrientationPortrait UIInterfaceOrientationLandscapeLeft UIInterfaceOrientationLandscapeRight";
				LD_RUNPATH_SEARCH_PATHS = (
					"$(inherited)",
					"@executable_path/Frameworks",
				);
				MARKETING_VERSION = 1.3;
				PRODUCT_BUNDLE_IDENTIFIER = danielfurry.Hoidma;
				PRODUCT_NAME = "$(TARGET_NAME)";
				STRING_CATALOG_GENERATE_SYMBOLS = YES;
				SUPPORTED_PLATFORMS = "iphoneos iphonesimulator";
				SUPPORTS_MACCATALYST = NO;
				SUPPORTS_MAC_DESIGNED_FOR_IPHONE_IPAD = NO;
				SUPPORTS_XR_DESIGNED_FOR_IPHONE_IPAD = NO;
				SWIFT_APPROACHABLE_CONCURRENCY = YES;
				SWIFT_DEFAULT_ACTOR_ISOLATION = MainActor;
				SWIFT_EMIT_LOC_STRINGS = YES;
				SWIFT_UPCOMING_FEATURE_MEMBER_IMPORT_VISIBILITY = YES;
				SWIFT_VERSION = 5.0;
				TARGETED_DEVICE_FAMILY = "1,2";
			};
			name = Debug;
		};
		F4AEC90E2EBEC27D00CC4321 /* Release */ = {
			isa = XCBuildConfiguration;
			buildSettings = {
				ASSETCATALOG_COMPILER_APPICON_NAME = AppIcon;
				ASSETCATALOG_COMPILER_GLOBAL_ACCENT_COLOR_NAME = AccentColor;
				ASSETCATALOG_COMPILER_INCLUDE_ALL_APPICON_ASSETS = YES;
				CODE_SIGN_STYLE = Automatic;
				CURRENT_PROJECT_VERSION = 1;
				ENABLE_PREVIEWS = YES;
				GENERATE_INFOPLIST_FILE = YES;
				INFOPLIST_KEY_CFBundleDisplayName = Hoidma;
				INFOPLIST_KEY_LSApplicationCategoryType = "public.app-category.finance";
				INFOPLIST_KEY_NSFaceIDUsageDescription = "Hoidma uses Face ID to securely unlock your portfolio and protect your financial data.";
				INFOPLIST_KEY_UIApplicationSceneManifest_Generation = YES;
				INFOPLIST_KEY_UIApplicationSupportsIndirectInputEvents = YES;
				INFOPLIST_KEY_UILaunchScreen_Generation = YES;
				INFOPLIST_KEY_UISupportedInterfaceOrientations_iPad = "UIInterfaceOrientationPortrait UIInterfaceOrientationPortraitUpsideDown UIInterfaceOrientationLandscapeLeft UIInterfaceOrientationLandscapeRight";
				INFOPLIST_KEY_UISupportedInterfaceOrientations_iPhone = "UIInterfaceOrientationPortrait UIInterfaceOrientationLandscapeLeft UIInterfaceOrientationLandscapeRight";
				LD_RUNPATH_SEARCH_PATHS = (
					"$(inherited)",
					"@executable_path/Frameworks",
				);
				MARKETING_VERSION = 1.3;
				PRODUCT_BUNDLE_IDENTIFIER = danielfurry.Hoidma;
				PRODUCT_NAME = "$(TARGET_NAME)";
				STRING_CATALOG_GENERATE_SYMBOLS = YES;
				SUPPORTED_PLATFORMS = "iphoneos iphonesimulator";
				SUPPORTS_MACCATALYST = NO;
				SUPPORTS_MAC_DESIGNED_FOR_IPHONE_IPAD = NO;
				SUPPORTS_XR_DESIGNED_FOR_IPHONE_IPAD = NO;
				SWIFT_APPROACHABLE_CONCURRENCY = YES;
				SWIFT_DEFAULT_ACTOR_ISOLATION = MainActor;
				SWIFT_EMIT_LOC_STRINGS = YES;
				SWIFT_UPCOMING_FEATURE_MEMBER_IMPORT_VISIBILITY = YES;
				SWIFT_VERSION = 5.0;
				TARGETED_DEVICE_FAMILY = "1,2";
			};
			name = Release;
		};
		F4AEC9102EBEC27D00CC4321 /* Debug */ = {
			isa = XCBuildConfiguration;
			buildSettings = {
				BUNDLE_LOADER = "$(TEST_HOST)";
				CODE_SIGN_STYLE = Automatic;
				CURRENT_PROJECT_VERSION = 1;
				GENERATE_INFOPLIST_FILE = YES;
				IPHONEOS_DEPLOYMENT_TARGET = 17.0;
				MARKETING_VERSION = 1.3;
				PRODUCT_BUNDLE_IDENTIFIER = danielfurry.HoidmaTests;
				PRODUCT_NAME = "$(TARGET_NAME)";
				STRING_CATALOG_GENERATE_SYMBOLS = NO;
				SWIFT_APPROACHABLE_CONCURRENCY = YES;
				SWIFT_EMIT_LOC_STRINGS = NO;
				SWIFT_UPCOMING_FEATURE_MEMBER_IMPORT_VISIBILITY = YES;
				SWIFT_VERSION = 5.0;
				TARGETED_DEVICE_FAMILY = "1,2";
				TEST_HOST = "$(BUILT_PRODUCTS_DIR)/Hoidma.app/$(BUNDLE_EXECUTABLE_FOLDER_PATH)/Hoidma";
			};
			name = Debug;
		};
		F4AEC9112EBEC27D00CC4321 /* Release */ = {
			isa = XCBuildConfiguration;
			buildSettings = {
				BUNDLE_LOADER = "$(TEST_HOST)";
				CODE_SIGN_STYLE = Automatic;
				CURRENT_PROJECT_VERSION = 1;
				GENERATE_INFOPLIST_FILE = YES;
				IPHONEOS_DEPLOYMENT_TARGET = 17.0;
				MARKETING_VERSION = 1.3;
				PRODUCT_BUNDLE_IDENTIFIER = danielfurry.HoidmaTests;
				PRODUCT_NAME = "$(TARGET_NAME)";
				STRING_CATALOG_GENERATE_SYMBOLS = NO;
				SWIFT_APPROACHABLE_CONCURRENCY = YES;
				SWIFT_EMIT_LOC_STRINGS = NO;
				SWIFT_UPCOMING_FEATURE_MEMBER_IMPORT_VISIBILITY = YES;
				SWIFT_VERSION = 5.0;
				TARGETED_DEVICE_FAMILY = "1,2";
				TEST_HOST = "$(BUILT_PRODUCTS_DIR)/Hoidma.app/$(BUNDLE_EXECUTABLE_FOLDER_PATH)/Hoidma";
			};
			name = Release;
		};
		F4AEC9132EBEC27D00CC4321 /* Debug */ = {
			isa = XCBuildConfiguration;
			buildSettings = {
				CODE_SIGN_STYLE = Automatic;
				CURRENT_PROJECT_VERSION = 1;
				GENERATE_INFOPLIST_FILE = YES;
				MARKETING_VERSION = 1.3;
				PRODUCT_BUNDLE_IDENTIFIER = danielfurry.HoidmaUITests;
				PRODUCT_NAME = "$(TARGET_NAME)";
				STRING_CATALOG_GENERATE_SYMBOLS = NO;
				SWIFT_APPROACHABLE_CONCURRENCY = YES;
				SWIFT_EMIT_LOC_STRINGS = NO;
				SWIFT_UPCOMING_FEATURE_MEMBER_IMPORT_VISIBILITY = YES;
				SWIFT_VERSION = 5.0;
				TARGETED_DEVICE_FAMILY = "1,2";
				TEST_TARGET_NAME = Hoidma;
			};
			name = Debug;
		};
		F4AEC9142EBEC27D00CC4321 /* Release */ = {
			isa = XCBuildConfiguration;
			buildSettings = {
				CODE_SIGN_STYLE = Automatic;
				CURRENT_PROJECT_VERSION = 1;
				GENERATE_INFOPLIST_FILE = YES;
				MARKETING_VERSION = 1.3;
				PRODUCT_BUNDLE_IDENTIFIER = danielfurry.HoidmaUITests;
				PRODUCT_NAME = "$(TARGET_NAME)";
				STRING_CATALOG_GENERATE_SYMBOLS = NO;
				SWIFT_APPROACHABLE_CONCURRENCY = YES;
				SWIFT_EMIT_LOC_STRINGS = NO;
				SWIFT_UPCOMING_FEATURE_MEMBER_IMPORT_VISIBILITY = YES;
				SWIFT_VERSION = 5.0;
				TARGETED_DEVICE_FAMILY = "1,2";
				TEST_TARGET_NAME = Hoidma;
			};
			name = Release;
		};
/* End XCBuildConfiguration section */

/* Begin XCConfigurationList section */
		F4AEC8E62EBEC27B00CC4321 /* Build configuration list for PBXProject "Hoidma" */ = {
			isa = XCConfigurationList;
			buildConfigurations = (
				F4AEC90A2EBEC27D00CC4321 /* Debug */,
				F4AEC90B2EBEC27D00CC4321 /* Release */,
			);
			defaultConfigurationIsVisible = 0;
			defaultConfigurationName = Release;
		};
		F4AEC90C2EBEC27D00CC4321 /* Build configuration list for PBXNativeTarget "Hoidma" */ = {
			isa = XCConfigurationList;
			buildConfigurations = (
				F4AEC90D2EBEC27D00CC4321 /* Debug */,
				F4AEC90E2EBEC27D00CC4321 /* Release */,
			);
			defaultConfigurationIsVisible = 0;
			defaultConfigurationName = Release;
		};
		F4AEC90F2EBEC27D00CC4321 /* Build configuration list for PBXNativeTarget "HoidmaTests" */ = {
			isa = XCConfigurationList;
			buildConfigurations = (
				F4AEC9102EBEC27D00CC4321 /* Debug */,
				F4AEC9112EBEC27D00CC4321 /* Release */,
			);
			defaultConfigurationIsVisible = 0;
			defaultConfigurationName = Release;
		};
		F4AEC9122EBEC27D00CC4321 /* Build configuration list for PBXNativeTarget "HoidmaUITests" */ = {
			isa = XCConfigurationList;
			buildConfigurations = (
				F4AEC9132EBEC27D00CC4321 /* Debug */,
				F4AEC9142EBEC27D00CC4321 /* Release */,
			);
			defaultConfigurationIsVisible = 0;
			defaultConfigurationName = Release;
		};
/* End XCConfigurationList section */

/* Begin XCRemoteSwiftPackageReference section */
		F4AEC9192EBEC27D00CC4321 /* XCRemoteSwiftPackageReference "SwiftYFinance" */ = {
			isa = XCRemoteSwiftPackageReference;
			repositoryURL = "https://github.com/AlexRoar/SwiftYFinance";
			requirement = {
				kind = upToNextMajorVersion;
				minimumVersion = 1.4.0;
			};
		};
		F4DBF5672F2EA6DC0046117F /* XCRemoteSwiftPackageReference "supabase-swift" */ = {
			isa = XCRemoteSwiftPackageReference;
			repositoryURL = "https://github.com/supabase/supabase-swift";
			requirement = {
				kind = upToNextMajorVersion;
				minimumVersion = 2.0.0;
			};
		};
/* End XCRemoteSwiftPackageReference section */

/* Begin XCSwiftPackageProductDependency section */
		F4AEC91A2EBEC27D00CC4321 /* SwiftYFinance */ = {
			isa = XCSwiftPackageProductDependency;
			package = F4AEC9192EBEC27D00CC4321 /* XCRemoteSwiftPackageReference "SwiftYFinance" */;
			productName = SwiftYFinance;
		};
		F4DBF5682F2EA6DC0046117F /* Auth */ = {
			isa = XCSwiftPackageProductDependency;
			package = F4DBF5672F2EA6DC0046117F /* XCRemoteSwiftPackageReference "supabase-swift" */;
			productName = Auth;
		};
		F4DBF56A2F2EA6DC0046117F /* Functions */ = {
			isa = XCSwiftPackageProductDependency;
			package = F4DBF5672F2EA6DC0046117F /* XCRemoteSwiftPackageReference "supabase-swift" */;
			productName = Functions;
		};
		F4DBF56C2F2EA6DC0046117F /* PostgREST */ = {
			isa = XCSwiftPackageProductDependency;
			package = F4DBF5672F2EA6DC0046117F /* XCRemoteSwiftPackageReference "supabase-swift" */;
			productName = PostgREST;
		};
		F4DBF56E2F2EA6DC0046117F /* Realtime */ = {
			isa = XCSwiftPackageProductDependency;
			package = F4DBF5672F2EA6DC0046117F /* XCRemoteSwiftPackageReference "supabase-swift" */;
			productName = Realtime;
		};
		F4DBF5702F2EA6DC0046117F /* Storage */ = {
			isa = XCSwiftPackageProductDependency;
			package = F4DBF5672F2EA6DC0046117F /* XCRemoteSwiftPackageReference "supabase-swift" */;
			productName = Storage;
		};
		F4DBF5722F2EA6DC0046117F /* Supabase */ = {
			isa = XCSwiftPackageProductDependency;
			package = F4DBF5672F2EA6DC0046117F /* XCRemoteSwiftPackageReference "supabase-swift" */;
			productName = Supabase;
		};
/* End XCSwiftPackageProductDependency section */
	};
	rootObject = F4AEC8E32EBEC27B00CC4321 /* Project object */;
}
